// !$*UTF8*$!
{
	archiveVersion = 1;
	classes = {
	};
	objectVersion = 46;
	objects = {

/* Begin PBXBuildFile section */
		41976B371F67CD0F00A795DE /* AppDelegate.swift in Sources */ = {isa = PBXBuildFile; fileRef = 41976B361F67CD0F00A795DE /* AppDelegate.swift */; };
		41976B391F67CD0F00A795DE /* ViewController.swift in Sources */ = {isa = PBXBuildFile; fileRef = 41976B381F67CD0F00A795DE /* ViewController.swift */; };
		41976B3C1F67CD0F00A795DE /* Main.storyboard in Resources */ = {isa = PBXBuildFile; fileRef = 41976B3A1F67CD0F00A795DE /* Main.storyboard */; };
		41976B3E1F67CD0F00A795DE /* Assets.xcassets in Resources */ = {isa = PBXBuildFile; fileRef = 41976B3D1F67CD0F00A795DE /* Assets.xcassets */; };
		41976B411F67CD0F00A795DE /* LaunchScreen.storyboard in Resources */ = {isa = PBXBuildFile; fileRef = 41976B3F1F67CD0F00A795DE /* LaunchScreen.storyboard */; };
		41976B491F67CD6900A795DE /* GoogleService-Info.plist in Resources */ = {isa = PBXBuildFile; fileRef = 41976B481F67CD6900A795DE /* GoogleService-Info.plist */; };
		92EB572B2958570C9300A331 /* Pods_AppTest.framework in Frameworks */ = {isa = PBXBuildFile; fileRef = 54135E410057227E9B3B62C5 /* Pods_AppTest.framework */; };
/* End PBXBuildFile section */

/* Begin PBXFileReference section */
		41976B331F67CD0F00A795DE /* AppTest.app */ = {isa = PBXFileReference; explicitFileType = wrapper.application; includeInIndex = 0; path = AppTest.app; sourceTree = BUILT_PRODUCTS_DIR; };
		41976B361F67CD0F00A795DE /* AppDelegate.swift */ = {isa = PBXFileReference; lastKnownFileType = sourcecode.swift; path = AppDelegate.swift; sourceTree = "<group>"; };
		41976B381F67CD0F00A795DE /* ViewController.swift */ = {isa = PBXFileReference; lastKnownFileType = sourcecode.swift; path = ViewController.swift; sourceTree = "<group>"; };
		41976B3B1F67CD0F00A795DE /* Base */ = {isa = PBXFileReference; lastKnownFileType = file.storyboard; name = Base; path = Base.lproj/Main.storyboard; sourceTree = "<group>"; };
		41976B3D1F67CD0F00A795DE /* Assets.xcassets */ = {isa = PBXFileReference; lastKnownFileType = folder.assetcatalog; path = Assets.xcassets; sourceTree = "<group>"; };
		41976B401F67CD0F00A795DE /* Base */ = {isa = PBXFileReference; lastKnownFileType = file.storyboard; name = Base; path = Base.lproj/LaunchScreen.storyboard; sourceTree = "<group>"; };
		41976B421F67CD0F00A795DE /* Info.plist */ = {isa = PBXFileReference; lastKnownFileType = text.plist.xml; path = Info.plist; sourceTree = "<group>"; };
		41976B481F67CD6900A795DE /* GoogleService-Info.plist */ = {isa = PBXFileReference; fileEncoding = 4; lastKnownFileType = text.plist.xml; name = "GoogleService-Info.plist"; path = "../GoogleService-Info.plist"; sourceTree = "<group>"; };
		54135E410057227E9B3B62C5 /* Pods_AppTest.framework */ = {isa = PBXFileReference; explicitFileType = wrapper.framework; includeInIndex = 0; path = Pods_AppTest.framework; sourceTree = BUILT_PRODUCTS_DIR; };
		8A4A0B24EF225B12206C94CB /* Pods-AppTest.debug.xcconfig */ = {isa = PBXFileReference; includeInIndex = 1; lastKnownFileType = text.xcconfig; name = "Pods-AppTest.debug.xcconfig"; path = "Pods/Target Support Files/Pods-AppTest/Pods-AppTest.debug.xcconfig"; sourceTree = "<group>"; };
		8FF44E97F12FC432720C8A05 /* Pods-AppTest.release.xcconfig */ = {isa = PBXFileReference; includeInIndex = 1; lastKnownFileType = text.xcconfig; name = "Pods-AppTest.release.xcconfig"; path = "Pods/Target Support Files/Pods-AppTest/Pods-AppTest.release.xcconfig"; sourceTree = "<group>"; };
/* End PBXFileReference section */

/* Begin PBXFrameworksBuildPhase section */
		41976B301F67CD0F00A795DE /* Frameworks */ = {
			isa = PBXFrameworksBuildPhase;
			buildActionMask = 2147483647;
			files = (
				92EB572B2958570C9300A331 /* Pods_AppTest.framework in Frameworks */,
			);
			runOnlyForDeploymentPostprocessing = 0;
		};
/* End PBXFrameworksBuildPhase section */

/* Begin PBXGroup section */
		41976B2A1F67CD0F00A795DE = {
			isa = PBXGroup;
			children = (
				41976B351F67CD0F00A795DE /* AppTest */,
				41976B341F67CD0F00A795DE /* Products */,
				F374EA4CAF3494EB44D737C8 /* Pods */,
				A59F8109C5B8F3EACD893734 /* Frameworks */,
			);
			sourceTree = "<group>";
		};
		41976B341F67CD0F00A795DE /* Products */ = {
			isa = PBXGroup;
			children = (
				41976B331F67CD0F00A795DE /* AppTest.app */,
			);
			name = Products;
			sourceTree = "<group>";
		};
		41976B351F67CD0F00A795DE /* AppTest */ = {
			isa = PBXGroup;
			children = (
				41976B361F67CD0F00A795DE /* AppDelegate.swift */,
				41976B381F67CD0F00A795DE /* ViewController.swift */,
				41976B3A1F67CD0F00A795DE /* Main.storyboard */,
				41976B3D1F67CD0F00A795DE /* Assets.xcassets */,
				41976B3F1F67CD0F00A795DE /* LaunchScreen.storyboard */,
				41976B421F67CD0F00A795DE /* Info.plist */,
				41976B481F67CD6900A795DE /* GoogleService-Info.plist */,
			);
			path = AppTest;
			sourceTree = "<group>";
		};
		A59F8109C5B8F3EACD893734 /* Frameworks */ = {
			isa = PBXGroup;
			children = (
				54135E410057227E9B3B62C5 /* Pods_AppTest.framework */,
			);
			name = Frameworks;
			sourceTree = "<group>";
		};
		F374EA4CAF3494EB44D737C8 /* Pods */ = {
			isa = PBXGroup;
			children = (
				8A4A0B24EF225B12206C94CB /* Pods-AppTest.debug.xcconfig */,
				8FF44E97F12FC432720C8A05 /* Pods-AppTest.release.xcconfig */,
			);
			name = Pods;
			sourceTree = "<group>";
		};
/* End PBXGroup section */

/* Begin PBXNativeTarget section */
		41976B321F67CD0F00A795DE /* AppTest */ = {
			isa = PBXNativeTarget;
			buildConfigurationList = 41976B451F67CD0F00A795DE /* Build configuration list for PBXNativeTarget "AppTest" */;
			buildPhases = (
				0D663D633B107EE0C1C49588 /* [CP] Check Pods Manifest.lock */,
				41976B2F1F67CD0F00A795DE /* Sources */,
				41976B301F67CD0F00A795DE /* Frameworks */,
				41976B311F67CD0F00A795DE /* Resources */,
				6E2608C9643846625AADEBE6 /* [CP] Embed Pods Frameworks */,
				D817FCEFF2911A3E91218FB0 /* [CP] Copy Pods Resources */,
			);
			buildRules = (
			);
			dependencies = (
			);
			name = AppTest;
			productName = AppTest;
			productReference = 41976B331F67CD0F00A795DE /* AppTest.app */;
			productType = "com.apple.product-type.application";
		};
/* End PBXNativeTarget section */

/* Begin PBXProject section */
		41976B2B1F67CD0F00A795DE /* Project object */ = {
			isa = PBXProject;
			attributes = {
				LastSwiftUpdateCheck = 0830;
				LastUpgradeCheck = 0830;
				ORGANIZATIONNAME = longnh;
				TargetAttributes = {
					41976B321F67CD0F00A795DE = {
						CreatedOnToolsVersion = 8.3.2;
						DevelopmentTeam = 8YLSK83HY4;
						ProvisioningStyle = Automatic;
					};
				};
			};
			buildConfigurationList = 41976B2E1F67CD0F00A795DE /* Build configuration list for PBXProject "AppTest" */;
			compatibilityVersion = "Xcode 3.2";
			developmentRegion = English;
			hasScannedForEncodings = 0;
			knownRegions = (
				en,
				Base,
			);
			mainGroup = 41976B2A1F67CD0F00A795DE;
			productRefGroup = 41976B341F67CD0F00A795DE /* Products */;
			projectDirPath = "";
			projectRoot = "";
			targets = (
				41976B321F67CD0F00A795DE /* AppTest */,
			);
		};
/* End PBXProject section */

/* Begin PBXResourcesBuildPhase section */
		41976B311F67CD0F00A795DE /* Resources */ = {
			isa = PBXResourcesBuildPhase;
			buildActionMask = 2147483647;
			files = (
				41976B411F67CD0F00A795DE /* LaunchScreen.storyboard in Resources */,
				41976B491F67CD6900A795DE /* GoogleService-Info.plist in Resources */,
				41976B3E1F67CD0F00A795DE /* Assets.xcassets in Resources */,
				41976B3C1F67CD0F00A795DE /* Main.storyboard in Resources */,
			);
			runOnlyForDeploymentPostprocessing = 0;
		};
/* End PBXResourcesBuildPhase section */

/* Begin PBXShellScriptBuildPhase section */
		0D663D633B107EE0C1C49588 /* [CP] Check Pods Manifest.lock */ = {
			isa = PBXShellScriptBuildPhase;
			buildActionMask = 2147483647;
			files = (
			);
			inputPaths = (
				"${PODS_PODFILE_DIR_PATH}/Podfile.lock",
				"${PODS_ROOT}/Manifest.lock",
			);
			name = "[CP] Check Pods Manifest.lock";
			outputPaths = (
				"$(DERIVED_FILE_DIR)/Pods-AppTest-checkManifestLockResult.txt",
			);
			runOnlyForDeploymentPostprocessing = 0;
			shellPath = /bin/sh;
			shellScript = "diff \"${PODS_PODFILE_DIR_PATH}/Podfile.lock\" \"${PODS_ROOT}/Manifest.lock\" > /dev/null\nif [ $? != 0 ] ; then\n    # print error to STDERR\n    echo \"error: The sandbox is not in sync with the Podfile.lock. Run 'pod install' or update your CocoaPods installation.\" >&2\n    exit 1\nfi\n# This output is used by Xcode 'outputs' to avoid re-running this script phase.\necho \"SUCCESS\" > \"${SCRIPT_OUTPUT_FILE_0}\"\n";
			showEnvVarsInLog = 0;
		};
		6E2608C9643846625AADEBE6 /* [CP] Embed Pods Frameworks */ = {
			isa = PBXShellScriptBuildPhase;
			buildActionMask = 2147483647;
			files = (
			);
			inputPaths = (
				"${SRCROOT}/Pods/Target Support Files/Pods-AppTest/Pods-AppTest-frameworks.sh",
				"${BUILT_PRODUCTS_DIR}/GTMSessionFetcher/GTMSessionFetcher.framework",
				"${BUILT_PRODUCTS_DIR}/GoogleToolboxForMac/GoogleToolboxForMac.framework",
				"${BUILT_PRODUCTS_DIR}/SwiftKeychainWrapper/SwiftKeychainWrapper.framework",
				"${BUILT_PRODUCTS_DIR}/leveldb-library/leveldb.framework",
				"${BUILT_PRODUCTS_DIR}/nanopb/nanopb.framework",
			);
			name = "[CP] Embed Pods Frameworks";
			outputPaths = (
				"${TARGET_BUILD_DIR}/${FRAMEWORKS_FOLDER_PATH}/GTMSessionFetcher.framework",
				"${TARGET_BUILD_DIR}/${FRAMEWORKS_FOLDER_PATH}/GoogleToolboxForMac.framework",
				"${TARGET_BUILD_DIR}/${FRAMEWORKS_FOLDER_PATH}/SwiftKeychainWrapper.framework",
				"${TARGET_BUILD_DIR}/${FRAMEWORKS_FOLDER_PATH}/leveldb.framework",
				"${TARGET_BUILD_DIR}/${FRAMEWORKS_FOLDER_PATH}/nanopb.framework",
			);
			runOnlyForDeploymentPostprocessing = 0;
			shellPath = /bin/sh;
			shellScript = "\"${SRCROOT}/Pods/Target Support Files/Pods-AppTest/Pods-AppTest-frameworks.sh\"\n";
			showEnvVarsInLog = 0;
		};
		D817FCEFF2911A3E91218FB0 /* [CP] Copy Pods Resources */ = {
			isa = PBXShellScriptBuildPhase;
			buildActionMask = 2147483647;
			files = (
			);
			inputPaths = (
			);
			name = "[CP] Copy Pods Resources";
			outputPaths = (
			);
			runOnlyForDeploymentPostprocessing = 0;
			shellPath = /bin/sh;
			shellScript = "\"${SRCROOT}/Pods/Target Support Files/Pods-AppTest/Pods-AppTest-resources.sh\"\n";
			showEnvVarsInLog = 0;
		};
/* End PBXShellScriptBuildPhase section */

/* Begin PBXSourcesBuildPhase section */
		41976B2F1F67CD0F00A795DE /* Sources */ = {
			isa = PBXSourcesBuildPhase;
			buildActionMask = 2147483647;
			files = (
				41976B391F67CD0F00A795DE /* ViewController.swift in Sources */,
				41976B371F67CD0F00A795DE /* AppDelegate.swift in Sources */,
			);
			runOnlyForDeploymentPostprocessing = 0;
		};
/* End PBXSourcesBuildPhase section */

/* Begin PBXVariantGroup section */
		41976B3A1F67CD0F00A795DE /* Main.storyboard */ = {
			isa = PBXVariantGroup;
			children = (
				41976B3B1F67CD0F00A795DE /* Base */,
			);
			name = Main.storyboard;
			sourceTree = "<group>";
		};
		41976B3F1F67CD0F00A795DE /* LaunchScreen.storyboard */ = {
			isa = PBXVariantGroup;
			children = (
				41976B401F67CD0F00A795DE /* Base */,
			);
			name = LaunchScreen.storyboard;
			sourceTree = "<group>";
		};
/* End PBXVariantGroup section */

/* Begin XCBuildConfiguration section */
		41976B431F67CD0F00A795DE /* Debug */ = {
			isa = XCBuildConfiguration;
			buildSettings = {
				ALWAYS_SEARCH_USER_PATHS = NO;
				CLANG_ANALYZER_NONNULL = YES;
				CLANG_ANALYZER_NUMBER_OBJECT_CONVERSION = YES_AGGRESSIVE;
				CLANG_CXX_LANGUAGE_STANDARD = "gnu++0x";
				CLANG_CXX_LIBRARY = "libc++";
				CLANG_ENABLE_MODULES = YES;
				CLANG_ENABLE_OBJC_ARC = YES;
				CLANG_WARN_BOOL_CONVERSION = YES;
				CLANG_WARN_CONSTANT_CONVERSION = YES;
				CLANG_WARN_DIRECT_OBJC_ISA_USAGE = YES_ERROR;
				CLANG_WARN_DOCUMENTATION_COMMENTS = YES;
				CLANG_WARN_EMPTY_BODY = YES;
				CLANG_WARN_ENUM_CONVERSION = YES;
				CLANG_WARN_INFINITE_RECURSION = YES;
				CLANG_WARN_INT_CONVERSION = YES;
				CLANG_WARN_OBJC_ROOT_CLASS = YES_ERROR;
				CLANG_WARN_SUSPICIOUS_MOVE = YES;
				CLANG_WARN_UNREACHABLE_CODE = YES;
				CLANG_WARN__DUPLICATE_METHOD_MATCH = YES;
				"CODE_SIGN_IDENTITY[sdk=iphoneos*]" = "iPhone Developer";
				COPY_PHASE_STRIP = NO;
				DEBUG_INFORMATION_FORMAT = dwarf;
				ENABLE_STRICT_OBJC_MSGSEND = YES;
				ENABLE_TESTABILITY = YES;
				GCC_C_LANGUAGE_STANDARD = gnu99;
				GCC_DYNAMIC_NO_PIC = NO;
				GCC_NO_COMMON_BLOCKS = YES;
				GCC_OPTIMIZATION_LEVEL = 0;
				GCC_PREPROCESSOR_DEFINITIONS = (
					"DEBUG=1",
					"$(inherited)",
				);
				GCC_WARN_64_TO_32_BIT_CONVERSION = YES;
				GCC_WARN_ABOUT_RETURN_TYPE = YES_ERROR;
				GCC_WARN_UNDECLARED_SELECTOR = YES;
				GCC_WARN_UNINITIALIZED_AUTOS = YES_AGGRESSIVE;
				GCC_WARN_UNUSED_FUNCTION = YES;
				GCC_WARN_UNUSED_VARIABLE = YES;
				IPHONEOS_DEPLOYMENT_TARGET = 10.3;
				MTL_ENABLE_DEBUG_INFO = YES;
				ONLY_ACTIVE_ARCH = YES;
				SDKROOT = iphoneos;
				SWIFT_ACTIVE_COMPILATION_CONDITIONS = DEBUG;
				SWIFT_OPTIMIZATION_LEVEL = "-Onone";
			};
			name = Debug;
		};
		41976B441F67CD0F00A795DE /* Release */ = {
			isa = XCBuildConfiguration;
			buildSettings = {
				ALWAYS_SEARCH_USER_PATHS = NO;
				CLANG_ANALYZER_NONNULL = YES;
				CLANG_ANALYZER_NUMBER_OBJECT_CONVERSION = YES_AGGRESSIVE;
				CLANG_CXX_LANGUAGE_STANDARD = "gnu++0x";
				CLANG_CXX_LIBRARY = "libc++";
				CLANG_ENABLE_MODULES = YES;
				CLANG_ENABLE_OBJC_ARC = YES;
				CLANG_WARN_BOOL_CONVERSION = YES;
				CLANG_WARN_CONSTANT_CONVERSION = YES;
				CLANG_WARN_DIRECT_OBJC_ISA_USAGE = YES_ERROR;
				CLANG_WARN_DOCUMENTATION_COMMENTS = YES;
				CLANG_WARN_EMPTY_BODY = YES;
				CLANG_WARN_ENUM_CONVERSION = YES;
				CLANG_WARN_INFINITE_RECURSION = YES;
				CLANG_WARN_INT_CONVERSION = YES;
				CLANG_WARN_OBJC_ROOT_CLASS = YES_ERROR;
				CLANG_WARN_SUSPICIOUS_MOVE = YES;
				CLANG_WARN_UNREACHABLE_CODE = YES;
				CLANG_WARN__DUPLICATE_METHOD_MATCH = YES;
				"CODE_SIGN_IDENTITY[sdk=iphoneos*]" = "iPhone Developer";
				COPY_PHASE_STRIP = NO;
				DEBUG_INFORMATION_FORMAT = "dwarf-with-dsym";
				ENABLE_NS_ASSERTIONS = NO;
				ENABLE_STRICT_OBJC_MSGSEND = YES;
				GCC_C_LANGUAGE_STANDARD = gnu99;
				GCC_NO_COMMON_BLOCKS = YES;
				GCC_WARN_64_TO_32_BIT_CONVERSION = YES;
				GCC_WARN_ABOUT_RETURN_TYPE = YES_ERROR;
				GCC_WARN_UNDECLARED_SELECTOR = YES;
				GCC_WARN_UNINITIALIZED_AUTOS = YES_AGGRESSIVE;
				GCC_WARN_UNUSED_FUNCTION = YES;
				GCC_WARN_UNUSED_VARIABLE = YES;
				IPHONEOS_DEPLOYMENT_TARGET = 10.3;
				MTL_ENABLE_DEBUG_INFO = NO;
				SDKROOT = iphoneos;
				SWIFT_OPTIMIZATION_LEVEL = "-Owholemodule";
				VALIDATE_PRODUCT = YES;
			};
			name = Release;
		};
		41976B461F67CD0F00A795DE /* Debug */ = {
			isa = XCBuildConfiguration;
			baseConfigurationReference = 8A4A0B24EF225B12206C94CB /* Pods-AppTest.debug.xcconfig */;
			buildSettings = {
				ASSETCATALOG_COMPILER_APPICON_NAME = AppIcon;
				DEVELOPMENT_TEAM = 8YLSK83HY4;
				INFOPLIST_FILE = AppTest/Info.plist;
				LD_RUNPATH_SEARCH_PATHS = "$(inherited) @executable_path/Frameworks";
				PRODUCT_BUNDLE_IDENTIFIER = com.longnh.AppTest;
				PRODUCT_NAME = "$(TARGET_NAME)";
				SWIFT_VERSION = 3.0;
			};
			name = Debug;
		};
		41976B471F67CD0F00A795DE /* Release */ = {
			isa = XCBuildConfiguration;
			baseConfigurationReference = 8FF44E97F12FC432720C8A05 /* Pods-AppTest.release.xcconfig */;
			buildSettings = {
				ASSETCATALOG_COMPILER_APPICON_NAME = AppIcon;
				DEVELOPMENT_TEAM = 8YLSK83HY4;
				INFOPLIST_FILE = AppTest/Info.plist;
				LD_RUNPATH_SEARCH_PATHS = "$(inherited) @executable_path/Frameworks";
				PRODUCT_BUNDLE_IDENTIFIER = com.longnh.AppTest;
				PRODUCT_NAME = "$(TARGET_NAME)";
				SWIFT_VERSION = 3.0;
			};
			name = Release;
		};
/* End XCBuildConfiguration section */

/* Begin XCConfigurationList section */
		41976B2E1F67CD0F00A795DE /* Build configuration list for PBXProject "AppTest" */ = {
			isa = XCConfigurationList;
			buildConfigurations = (
				41976B431F67CD0F00A795DE /* Debug */,
				41976B441F67CD0F00A795DE /* Release */,
			);
			defaultConfigurationIsVisible = 0;
			defaultConfigurationName = Release;
		};
		41976B451F67CD0F00A795DE /* Build configuration list for PBXNativeTarget "AppTest" */ = {
			isa = XCConfigurationList;
			buildConfigurations = (
				41976B461F67CD0F00A795DE /* Debug */,
				41976B471F67CD0F00A795DE /* Release */,
			);
			defaultConfigurationIsVisible = 0;
		};
/* End XCConfigurationList section */
	};
	rootObject = 41976B2B1F67CD0F00A795DE /* Project object */;
}
